<?xml version="1.0" encoding="utf-8"?>
<Project ToolsVersion="4.0" xmlns="http://schemas.microsoft.com/developer/msbuild/2003">
  <ItemGroup>
    <Filter Include="Starrlight">
      <UniqueIdentifier>{899EA82B-7556-EA78-DE5D-C3D4CA348569}</UniqueIdentifier>
    </Filter>
  </ItemGroup>
  <ItemGroup>
    <ClInclude Include="src\Starrlight.h" />
    <ClInclude Include="src\Starrlight\Application.h">
      <Filter>Starrlight</Filter>
    </ClInclude>
    <ClInclude Include="src\Starrlight\Core.h">
      <Filter>Starrlight</Filter>
    </ClInclude>
    <ClInclude Include="src\Starrlight\EntryPoint.h">
      <Filter>Starrlight</Filter>
    </ClInclude>
    <ClInclude Include="src\Starrlight\Log.h">
      <Filter>Starrlight</Filter>
    </ClInclude>
  </ItemGroup>
  <ItemGroup>
    <ClCompile Include="src\Starrlight\Application.cpp">
      <Filter>Starrlight</Filter>
    </ClCompile>
    <ClCompile Include="src\Starrlight\Log.cpp">
      <Filter>Starrlight</Filter>
    </ClCompile>
  </ItemGroup>
</Project>